
Microsoft Visual Studio Solution File, Format Version 12.00
# Visual Studio Version 17
VisualStudioVersion = 17.11.35327.3
MinimumVisualStudioVersion = 10.0.40219.1
Project("{FAE04EC0-301F-11D3-BF4B-00C04F79EFBC}") = "SplitVideo", "SplitVideo\SplitVideo.csproj", "{79083BA7-9A0A-48C6-BC03-D845E357E061}"
EndProject
Global
	GlobalSection(SolutionConfigurationPlatforms) = preSolution
		Debug|Any CPU = Debug|Any CPU
		Release|Any CPU = Release|Any CPU
	EndGlobalSection
	GlobalSection(ProjectConfigurationPlatforms) = postSolution
		{79083BA7-9A0A-48C6-BC03-D845E357E061}.Debug|Any CPU.ActiveCfg = Debug|Any CPU
		{79083BA7-9A0A-48C6-BC03-D845E357E061}.Debug|Any CPU.Build.0 = Debug|Any CPU
		{79083BA7-9A0A-48C6-BC03-D845E357E061}.Release|Any CPU.ActiveCfg = Release|Any CPU
		{79083BA7-9A0A-48C6-BC03-D845E357E061}.Release|Any CPU.Build.0 = Release|Any CPU
	EndGlobalSection
	GlobalSection(SolutionProperties) = preSolution
		HideSolutionNode = FALSE
	EndGlobalSection
	GlobalSection(ExtensibilityGlobals) = postSolution
		SolutionGuid = {C3AA74ED-C877-4399-BA84-F0D4CAF2A5BA}
	EndGlobalSection
EndGlobal
